
Microsoft Visual Studio Solution File, Format Version 12.00
# Visual Studio Version 17
VisualStudioVersion = 17.14.36616.10
MinimumVisualStudioVersion = 10.0.40219.1
Project("{2150E333-8FDC-42A3-9474-1A3956D46DE8}") = "Task0", "Task0", "{36D591C7-65C7-A0D1-1CBC-10CDE441BDC8}"
EndProject
Project("{FAE04EC0-301F-11D3-BF4B-00C04F79EFBC}") = "Tyuiu.SimkinOA.Sprint5.Task0.V23.Lib", "Tyuiu.SimkinOA.Sprint5.Task0.V23.Lib\Tyuiu.SimkinOA.Sprint5.Task0.V23.Lib.csproj", "{A75DCEB0-7326-4F7E-B64F-ADE794591F3D}"
EndProject
Project("{FAE04EC0-301F-11D3-BF4B-00C04F79EFBC}") = "Tyuiu.SimkinOA.Sprint5.Task0.V23.Test", "Tyuiu.SimkinOA.Sprint5.Task0.V23.Test\Tyuiu.SimkinOA.Sprint5.Task0.V23.Test.csproj", "{5481C96F-5F36-4EE9-BAF9-61D8FD0D5E82}"
EndProject
Project("{FAE04EC0-301F-11D3-BF4B-00C04F79EFBC}") = "Tyuiu.SimkinOA.Sprint5.Task0.V23", "Tyuiu.SimkinOA.Sprint5.Task0.V23\Tyuiu.SimkinOA.Sprint5.Task0.V23.csproj", "{20B4F059-B453-405A-A6E6-CA308FE19F5D}"
EndProject
Project("{2150E333-8FDC-42A3-9474-1A3956D46DE8}") = "Task1", "Task1", "{373CD667-9C88-43D3-B720-F1301E976AEE}"
EndProject
Project("{FAE04EC0-301F-11D3-BF4B-00C04F79EFBC}") = "Tyuiu.SimkinOA.Sprint5.Task1.V5.Lib", "Tyuiu.SimkinOA.Sprint5.Task1.V5.Lib\Tyuiu.SimkinOA.Sprint5.Task1.V5.Lib.csproj", "{3C82FDF1-CFC4-4155-BE59-5A6503D4BEF1}"
EndProject
Project("{FAE04EC0-301F-11D3-BF4B-00C04F79EFBC}") = "Tyuiu.SimkinOA.Sprint5.Task1.V5", "Tyuiu.SimkinOA.Sprint5.Task1.V5\Tyuiu.SimkinOA.Sprint5.Task1.V5.csproj", "{0011C016-024A-4A38-8C35-5D5F18DA322F}"
EndProject
Project("{FAE04EC0-301F-11D3-BF4B-00C04F79EFBC}") = "Tyuiu.SimkinOA.Sprint5.Task1.V5.Test", "Tyuiu.SimkinOA.Sprint5.Task1.V5.Test\Tyuiu.SimkinOA.Sprint5.Task1.V5.Test.csproj", "{160078C3-FFBC-40A2-B35F-64847D23DEDC}"
EndProject
Project("{2150E333-8FDC-42A3-9474-1A3956D46DE8}") = "Task2", "Task2", "{096C3AF6-970C-45D9-AD1A-FC6D80E5C701}"
EndProject
Project("{FAE04EC0-301F-11D3-BF4B-00C04F79EFBC}") = "Tyuiu.SimkinOA.Sprint5.Task2.V24", "Tyuiu.SimkinOA.Sprint5.Task2.V24\Tyuiu.SimkinOA.Sprint5.Task2.V24.csproj", "{4C08516C-C38F-4209-B561-B4AC10049421}"
EndProject
Project("{FAE04EC0-301F-11D3-BF4B-00C04F79EFBC}") = "Tyuiu.SimkinOA.Sprint5.Task2.V24.Lib", "Tyuiu.SimkinOA.Sprint5.Task2.V24.Lib\Tyuiu.SimkinOA.Sprint5.Task2.V24.Lib.csproj", "{377AA77C-AE4E-4C93-BC4A-137455DA274B}"
EndProject
Project("{FAE04EC0-301F-11D3-BF4B-00C04F79EFBC}") = "Tyuiu.SimkinOA.Sprint5.Task2.V24.Test", "Tyuiu.SimkinOA.Sprint5.Task2.V24.Test\Tyuiu.SimkinOA.Sprint5.Task2.V24.Test.csproj", "{87D7E56E-0F2C-4328-A716-322343AD041E}"
EndProject
Project("{2150E333-8FDC-42A3-9474-1A3956D46DE8}") = "Task3", "Task3", "{23B71F9A-2921-4C37-B9AF-E598D1B0EC8E}"
EndProject
Project("{FAE04EC0-301F-11D3-BF4B-00C04F79EFBC}") = "Tyuiu.SimkinOA.Sprint5.Task3.V4", "Tyuiu.SimkinOA.Sprint5.Task3.V4\Tyuiu.SimkinOA.Sprint5.Task3.V4.csproj", "{AE96085B-0705-4523-9227-6478AC8E6345}"
EndProject
Project("{FAE04EC0-301F-11D3-BF4B-00C04F79EFBC}") = "Tyuiu.SimkinOA.Sprint5.Task3.V4.Lib", "Tyuiu.SimkinOA.Sprint5.Task3.V4.Lib\Tyuiu.SimkinOA.Sprint5.Task3.V4.Lib.csproj", "{410D313B-6007-4C7F-86F7-21F4072DCCB6}"
EndProject
Project("{FAE04EC0-301F-11D3-BF4B-00C04F79EFBC}") = "Tyuiu.SimkinOA.Sprint5.Task3.V4.Test", "Tyuiu.SimkinOA.Sprint5.Task3.V4.Test\Tyuiu.SimkinOA.Sprint5.Task3.V4.Test.csproj", "{B78FD44A-7D68-4742-8719-A558B4C495BE}"
EndProject
Project("{2150E333-8FDC-42A3-9474-1A3956D46DE8}") = "Task4", "Task4", "{E35BF67E-5606-4C25-9ACE-1639878BAD27}"
EndProject
Project("{FAE04EC0-301F-11D3-BF4B-00C04F79EFBC}") = "Tyuiu.SimkinOA.Sprint5.Task4.V6", "Tyuiu.SimkinOA.Sprint5.Task4.V6\Tyuiu.SimkinOA.Sprint5.Task4.V6.csproj", "{9AFE103C-2023-40DF-AFE5-7CEA406234E4}"
EndProject
Project("{FAE04EC0-301F-11D3-BF4B-00C04F79EFBC}") = "Tyuiu.SimkinOA.Sprint5.Task4.V6.Lib", "Tyuiu.SimkinOA.Sprint5.Task4.V6.Lib\Tyuiu.SimkinOA.Sprint5.Task4.V6.Lib.csproj", "{F81CACFA-137D-4278-9829-940350050848}"
EndProject
Project("{FAE04EC0-301F-11D3-BF4B-00C04F79EFBC}") = "Tyuiu.SimkinOA.Sprint5.Task4.V6.Test", "Tyuiu.SimkinOA.Sprint5.Task4.V6.Test\Tyuiu.SimkinOA.Sprint5.Task4.V6.Test.csproj", "{A6FECE52-EAAB-46BF-BC2C-CDEC6088A9BE}"
EndProject
Project("{2150E333-8FDC-42A3-9474-1A3956D46DE8}") = "Task5", "Task5", "{69690DC0-32FA-46D1-8003-8C41D6046423}"
EndProject
Project("{FAE04EC0-301F-11D3-BF4B-00C04F79EFBC}") = "Tyuiu.SimkinOA.Sprint5.Task5.V6", "Tyuiu.SimkinOA.Sprint5.Task5.V6\Tyuiu.SimkinOA.Sprint5.Task5.V6.csproj", "{A3D5AE62-9DD1-4E17-B309-7774E55F7642}"
EndProject
Project("{FAE04EC0-301F-11D3-BF4B-00C04F79EFBC}") = "Tyuiu.SimkinOA.Sprint5.Task5.V6.Lib", "Tyuiu.SimkinOA.Sprint5.Task5.V6.Lib\Tyuiu.SimkinOA.Sprint5.Task5.V6.Lib.csproj", "{FD1CDE25-9D1E-4597-A5D4-93B45C786EC8}"
EndProject
Project("{FAE04EC0-301F-11D3-BF4B-00C04F79EFBC}") = "Tyuiu.SimkinOA.Sprint5.Task5.V6.Test", "Tyuiu.SimkinOA.Sprint5.Task5.V6.Test\Tyuiu.SimkinOA.Sprint5.Task5.V6.Test.csproj", "{C2152042-E748-4A79-A576-27FEDC4397B8}"
EndProject
Project("{2150E333-8FDC-42A3-9474-1A3956D46DE8}") = "Task6", "Task6", "{B4A454DC-F7AF-4AB4-8D56-6E1357DADB94}"
EndProject
Project("{FAE04EC0-301F-11D3-BF4B-00C04F79EFBC}") = "Tyuiu.SimkinOA.Sprint5.Task6.V20", "Tyuiu.SimkinOA.Sprint5.Task6.V20\Tyuiu.SimkinOA.Sprint5.Task6.V20.csproj", "{7353AEAB-5B27-460D-BF19-4C23019191B5}"
EndProject
Project("{FAE04EC0-301F-11D3-BF4B-00C04F79EFBC}") = "Tyuiu.SimkinOA.Sprint5.Task6.V20.Lib", "Tyuiu.SimkinOA.Sprint5.Task6.V20.Lib\Tyuiu.SimkinOA.Sprint5.Task6.V20.Lib.csproj", "{1AA45CC9-33B4-431E-90A6-F2F1C4F444BA}"
EndProject
Project("{FAE04EC0-301F-11D3-BF4B-00C04F79EFBC}") = "Tyuiu.SimkinOA.Sprint5.Task6.V20.Test", "Tyuiu.SimkinOA.Sprint5.Task6.V20.Test\Tyuiu.SimkinOA.Sprint5.Task6.V20.Test.csproj", "{537FA48A-A493-40FB-995C-4F09805CFBEC}"
EndProject
Project("{2150E333-8FDC-42A3-9474-1A3956D46DE8}") = "Task7", "Task7", "{1B6A3F72-0BA3-4C74-9D2F-F6157B80F2BD}"
EndProject
Project("{FAE04EC0-301F-11D3-BF4B-00C04F79EFBC}") = "Tyuiu.SimkinOA.Sprint5.Task7.V27", "Tyuiu.SimkinOA.Sprint5.Task7.V27\Tyuiu.SimkinOA.Sprint5.Task7.V27.csproj", "{F0268539-2F7D-4DDB-AF88-A645EAD5823E}"
EndProject
Project("{FAE04EC0-301F-11D3-BF4B-00C04F79EFBC}") = "Tyuiu.SimkinOA.Sprint5.Task7.V27.Lib", "Tyuiu.SimkinOA.Sprint5.Task7.V27.Lib\Tyuiu.SimkinOA.Sprint5.Task7.V27.Lib.csproj", "{4BC48C91-B798-4B4A-B286-0A193BD2C39E}"
EndProject
Project("{FAE04EC0-301F-11D3-BF4B-00C04F79EFBC}") = "Tyuiu.SimkinOA.Sprint5.Task7.V27.Test", "Tyuiu.SimkinOA.Sprint5.Task7.V27.Test\Tyuiu.SimkinOA.Sprint5.Task7.V27.Test.csproj", "{53B29A62-5F78-44C2-B1C4-26842E5C01D4}"
EndProject
Global
	GlobalSection(SolutionConfigurationPlatforms) = preSolution
		Debug|Any CPU = Debug|Any CPU
		Release|Any CPU = Release|Any CPU
	EndGlobalSection
	GlobalSection(ProjectConfigurationPlatforms) = postSolution
		{A75DCEB0-7326-4F7E-B64F-ADE794591F3D}.Debug|Any CPU.ActiveCfg = Debug|Any CPU
		{A75DCEB0-7326-4F7E-B64F-ADE794591F3D}.Debug|Any CPU.Build.0 = Debug|Any CPU
		{A75DCEB0-7326-4F7E-B64F-ADE794591F3D}.Release|Any CPU.ActiveCfg = Release|Any CPU
		{A75DCEB0-7326-4F7E-B64F-ADE794591F3D}.Release|Any CPU.Build.0 = Release|Any CPU
		{5481C96F-5F36-4EE9-BAF9-61D8FD0D5E82}.Debug|Any CPU.ActiveCfg = Debug|Any CPU
		{5481C96F-5F36-4EE9-BAF9-61D8FD0D5E82}.Debug|Any CPU.Build.0 = Debug|Any CPU
		{5481C96F-5F36-4EE9-BAF9-61D8FD0D5E82}.Release|Any CPU.ActiveCfg = Release|Any CPU
		{5481C96F-5F36-4EE9-BAF9-61D8FD0D5E82}.Release|Any CPU.Build.0 = Release|Any CPU
		{20B4F059-B453-405A-A6E6-CA308FE19F5D}.Debug|Any CPU.ActiveCfg = Debug|Any CPU
		{20B4F059-B453-405A-A6E6-CA308FE19F5D}.Debug|Any CPU.Build.0 = Debug|Any CPU
		{20B4F059-B453-405A-A6E6-CA308FE19F5D}.Release|Any CPU.ActiveCfg = Release|Any CPU
		{20B4F059-B453-405A-A6E6-CA308FE19F5D}.Release|Any CPU.Build.0 = Release|Any CPU
		{3C82FDF1-CFC4-4155-BE59-5A6503D4BEF1}.Debug|Any CPU.ActiveCfg = Debug|Any CPU
		{3C82FDF1-CFC4-4155-BE59-5A6503D4BEF1}.Debug|Any CPU.Build.0 = Debug|Any CPU
		{3C82FDF1-CFC4-4155-BE59-5A6503D4BEF1}.Release|Any CPU.ActiveCfg = Release|Any CPU
		{3C82FDF1-CFC4-4155-BE59-5A6503D4BEF1}.Release|Any CPU.Build.0 = Release|Any CPU
		{0011C016-024A-4A38-8C35-5D5F18DA322F}.Debug|Any CPU.ActiveCfg = Debug|Any CPU
		{0011C016-024A-4A38-8C35-5D5F18DA322F}.Debug|Any CPU.Build.0 = Debug|Any CPU
		{0011C016-024A-4A38-8C35-5D5F18DA322F}.Release|Any CPU.ActiveCfg = Release|Any CPU
		{0011C016-024A-4A38-8C35-5D5F18DA322F}.Release|Any CPU.Build.0 = Release|Any CPU
		{160078C3-FFBC-40A2-B35F-64847D23DEDC}.Debug|Any CPU.ActiveCfg = Debug|Any CPU
		{160078C3-FFBC-40A2-B35F-64847D23DEDC}.Debug|Any CPU.Build.0 = Debug|Any CPU
		{160078C3-FFBC-40A2-B35F-64847D23DEDC}.Release|Any CPU.ActiveCfg = Release|Any CPU
		{160078C3-FFBC-40A2-B35F-64847D23DEDC}.Release|Any CPU.Build.0 = Release|Any CPU
		{4C08516C-C38F-4209-B561-B4AC10049421}.Debug|Any CPU.ActiveCfg = Debug|Any CPU
		{4C08516C-C38F-4209-B561-B4AC10049421}.Debug|Any CPU.Build.0 = Debug|Any CPU
		{4C08516C-C38F-4209-B561-B4AC10049421}.Release|Any CPU.ActiveCfg = Release|Any CPU
		{4C08516C-C38F-4209-B561-B4AC10049421}.Release|Any CPU.Build.0 = Release|Any CPU
		{377AA77C-AE4E-4C93-BC4A-137455DA274B}.Debug|Any CPU.ActiveCfg = Debug|Any CPU
		{377AA77C-AE4E-4C93-BC4A-137455DA274B}.Debug|Any CPU.Build.0 = Debug|Any CPU
		{377AA77C-AE4E-4C93-BC4A-137455DA274B}.Release|Any CPU.ActiveCfg = Release|Any CPU
		{377AA77C-AE4E-4C93-BC4A-137455DA274B}.Release|Any CPU.Build.0 = Release|Any CPU
		{87D7E56E-0F2C-4328-A716-322343AD041E}.Debug|Any CPU.ActiveCfg = Debug|Any CPU
		{87D7E56E-0F2C-4328-A716-322343AD041E}.Debug|Any CPU.Build.0 = Debug|Any CPU
		{87D7E56E-0F2C-4328-A716-322343AD041E}.Release|Any CPU.ActiveCfg = Release|Any CPU
		{87D7E56E-0F2C-4328-A716-322343AD041E}.Release|Any CPU.Build.0 = Release|Any CPU
		{AE96085B-0705-4523-9227-6478AC8E6345}.Debug|Any CPU.ActiveCfg = Debug|Any CPU
		{AE96085B-0705-4523-9227-6478AC8E6345}.Debug|Any CPU.Build.0 = Debug|Any CPU
		{AE96085B-0705-4523-9227-6478AC8E6345}.Release|Any CPU.ActiveCfg = Release|Any CPU
		{AE96085B-0705-4523-9227-6478AC8E6345}.Release|Any CPU.Build.0 = Release|Any CPU
		{410D313B-6007-4C7F-86F7-21F4072DCCB6}.Debug|Any CPU.ActiveCfg = Debug|Any CPU
		{410D313B-6007-4C7F-86F7-21F4072DCCB6}.Debug|Any CPU.Build.0 = Debug|Any CPU
		{410D313B-6007-4C7F-86F7-21F4072DCCB6}.Release|Any CPU.ActiveCfg = Release|Any CPU
		{410D313B-6007-4C7F-86F7-21F4072DCCB6}.Release|Any CPU.Build.0 = Release|Any CPU
		{B78FD44A-7D68-4742-8719-A558B4C495BE}.Debug|Any CPU.ActiveCfg = Debug|Any CPU
		{B78FD44A-7D68-4742-8719-A558B4C495BE}.Debug|Any CPU.Build.0 = Debug|Any CPU
		{B78FD44A-7D68-4742-8719-A558B4C495BE}.Release|Any CPU.ActiveCfg = Release|Any CPU
		{B78FD44A-7D68-4742-8719-A558B4C495BE}.Release|Any CPU.Build.0 = Release|Any CPU
		{9AFE103C-2023-40DF-AFE5-7CEA406234E4}.Debug|Any CPU.ActiveCfg = Debug|Any CPU
		{9AFE103C-2023-40DF-AFE5-7CEA406234E4}.Debug|Any CPU.Build.0 = Debug|Any CPU
		{9AFE103C-2023-40DF-AFE5-7CEA406234E4}.Release|Any CPU.ActiveCfg = Release|Any CPU
		{9AFE103C-2023-40DF-AFE5-7CEA406234E4}.Release|Any CPU.Build.0 = Release|Any CPU
		{F81CACFA-137D-4278-9829-940350050848}.Debug|Any CPU.ActiveCfg = Debug|Any CPU
		{F81CACFA-137D-4278-9829-940350050848}.Debug|Any CPU.Build.0 = Debug|Any CPU
		{F81CACFA-137D-4278-9829-940350050848}.Release|Any CPU.ActiveCfg = Release|Any CPU
		{F81CACFA-137D-4278-9829-940350050848}.Release|Any CPU.Build.0 = Release|Any CPU
		{A6FECE52-EAAB-46BF-BC2C-CDEC6088A9BE}.Debug|Any CPU.ActiveCfg = Debug|Any CPU
		{A6FECE52-EAAB-46BF-BC2C-CDEC6088A9BE}.Debug|Any CPU.Build.0 = Debug|Any CPU
		{A6FECE52-EAAB-46BF-BC2C-CDEC6088A9BE}.Release|Any CPU.ActiveCfg = Release|Any CPU
		{A6FECE52-EAAB-46BF-BC2C-CDEC6088A9BE}.Release|Any CPU.Build.0 = Release|Any CPU
		{A3D5AE62-9DD1-4E17-B309-7774E55F7642}.Debug|Any CPU.ActiveCfg = Debug|Any CPU
		{A3D5AE62-9DD1-4E17-B309-7774E55F7642}.Debug|Any CPU.Build.0 = Debug|Any CPU
		{A3D5AE62-9DD1-4E17-B309-7774E55F7642}.Release|Any CPU.ActiveCfg = Release|Any CPU
		{A3D5AE62-9DD1-4E17-B309-7774E55F7642}.Release|Any CPU.Build.0 = Release|Any CPU
		{FD1CDE25-9D1E-4597-A5D4-93B45C786EC8}.Debug|Any CPU.ActiveCfg = Debug|Any CPU
		{FD1CDE25-9D1E-4597-A5D4-93B45C786EC8}.Debug|Any CPU.Build.0 = Debug|Any CPU
		{FD1CDE25-9D1E-4597-A5D4-93B45C786EC8}.Release|Any CPU.ActiveCfg = Release|Any CPU
		{FD1CDE25-9D1E-4597-A5D4-93B45C786EC8}.Release|Any CPU.Build.0 = Release|Any CPU
		{C2152042-E748-4A79-A576-27FEDC4397B8}.Debug|Any CPU.ActiveCfg = Debug|Any CPU
		{C2152042-E748-4A79-A576-27FEDC4397B8}.Debug|Any CPU.Build.0 = Debug|Any CPU
		{C2152042-E748-4A79-A576-27FEDC4397B8}.Release|Any CPU.ActiveCfg = Release|Any CPU
		{C2152042-E748-4A79-A576-27FEDC4397B8}.Release|Any CPU.Build.0 = Release|Any CPU
		{7353AEAB-5B27-460D-BF19-4C23019191B5}.Debug|Any CPU.ActiveCfg = Debug|Any CPU
		{7353AEAB-5B27-460D-BF19-4C23019191B5}.Debug|Any CPU.Build.0 = Debug|Any CPU
		{7353AEAB-5B27-460D-BF19-4C23019191B5}.Release|Any CPU.ActiveCfg = Release|Any CPU
		{7353AEAB-5B27-460D-BF19-4C23019191B5}.Release|Any CPU.Build.0 = Release|Any CPU
		{1AA45CC9-33B4-431E-90A6-F2F1C4F444BA}.Debug|Any CPU.ActiveCfg = Debug|Any CPU
		{1AA45CC9-33B4-431E-90A6-F2F1C4F444BA}.Debug|Any CPU.Build.0 = Debug|Any CPU
		{1AA45CC9-33B4-431E-90A6-F2F1C4F444BA}.Release|Any CPU.ActiveCfg = Release|Any CPU
		{1AA45CC9-33B4-431E-90A6-F2F1C4F444BA}.Release|Any CPU.Build.0 = Release|Any CPU
		{537FA48A-A493-40FB-995C-4F09805CFBEC}.Debug|Any CPU.ActiveCfg = Debug|Any CPU
		{537FA48A-A493-40FB-995C-4F09805CFBEC}.Debug|Any CPU.Build.0 = Debug|Any CPU
		{537FA48A-A493-40FB-995C-4F09805CFBEC}.Release|Any CPU.ActiveCfg = Release|Any CPU
		{537FA48A-A493-40FB-995C-4F09805CFBEC}.Release|Any CPU.Build.0 = Release|Any CPU
		{F0268539-2F7D-4DDB-AF88-A645EAD5823E}.Debug|Any CPU.ActiveCfg = Debug|Any CPU
		{F0268539-2F7D-4DDB-AF88-A645EAD5823E}.Debug|Any CPU.Build.0 = Debug|Any CPU
		{F0268539-2F7D-4DDB-AF88-A645EAD5823E}.Release|Any CPU.ActiveCfg = Release|Any CPU
		{F0268539-2F7D-4DDB-AF88-A645EAD5823E}.Release|Any CPU.Build.0 = Release|Any CPU
		{4BC48C91-B798-4B4A-B286-0A193BD2C39E}.Debug|Any CPU.ActiveCfg = Debug|Any CPU
		{4BC48C91-B798-4B4A-B286-0A193BD2C39E}.Debug|Any CPU.Build.0 = Debug|Any CPU
		{4BC48C91-B798-4B4A-B286-0A193BD2C39E}.Release|Any CPU.ActiveCfg = Release|Any CPU
		{4BC48C91-B798-4B4A-B286-0A193BD2C39E}.Release|Any CPU.Build.0 = Release|Any CPU
		{53B29A62-5F78-44C2-B1C4-26842E5C01D4}.Debug|Any CPU.ActiveCfg = Debug|Any CPU
		{53B29A62-5F78-44C2-B1C4-26842E5C01D4}.Debug|Any CPU.Build.0 = Debug|Any CPU
		{53B29A62-5F78-44C2-B1C4-26842E5C01D4}.Release|Any CPU.ActiveCfg = Release|Any CPU
		{53B29A62-5F78-44C2-B1C4-26842E5C01D4}.Release|Any CPU.Build.0 = Release|Any CPU
	EndGlobalSection
	GlobalSection(SolutionProperties) = preSolution
		HideSolutionNode = FALSE
	EndGlobalSection
	GlobalSection(NestedProjects) = preSolution
		{A75DCEB0-7326-4F7E-B64F-ADE794591F3D} = {36D591C7-65C7-A0D1-1CBC-10CDE441BDC8}
		{5481C96F-5F36-4EE9-BAF9-61D8FD0D5E82} = {36D591C7-65C7-A0D1-1CBC-10CDE441BDC8}
		{20B4F059-B453-405A-A6E6-CA308FE19F5D} = {36D591C7-65C7-A0D1-1CBC-10CDE441BDC8}
		{3C82FDF1-CFC4-4155-BE59-5A6503D4BEF1} = {373CD667-9C88-43D3-B720-F1301E976AEE}
		{0011C016-024A-4A38-8C35-5D5F18DA322F} = {373CD667-9C88-43D3-B720-F1301E976AEE}
		{160078C3-FFBC-40A2-B35F-64847D23DEDC} = {373CD667-9C88-43D3-B720-F1301E976AEE}
		{4C08516C-C38F-4209-B561-B4AC10049421} = {096C3AF6-970C-45D9-AD1A-FC6D80E5C701}
		{377AA77C-AE4E-4C93-BC4A-137455DA274B} = {096C3AF6-970C-45D9-AD1A-FC6D80E5C701}
		{87D7E56E-0F2C-4328-A716-322343AD041E} = {096C3AF6-970C-45D9-AD1A-FC6D80E5C701}
		{AE96085B-0705-4523-9227-6478AC8E6345} = {23B71F9A-2921-4C37-B9AF-E598D1B0EC8E}
		{410D313B-6007-4C7F-86F7-21F4072DCCB6} = {23B71F9A-2921-4C37-B9AF-E598D1B0EC8E}
		{B78FD44A-7D68-4742-8719-A558B4C495BE} = {23B71F9A-2921-4C37-B9AF-E598D1B0EC8E}
		{9AFE103C-2023-40DF-AFE5-7CEA406234E4} = {E35BF67E-5606-4C25-9ACE-1639878BAD27}
		{F81CACFA-137D-4278-9829-940350050848} = {E35BF67E-5606-4C25-9ACE-1639878BAD27}
		{A6FECE52-EAAB-46BF-BC2C-CDEC6088A9BE} = {E35BF67E-5606-4C25-9ACE-1639878BAD27}
		{A3D5AE62-9DD1-4E17-B309-7774E55F7642} = {69690DC0-32FA-46D1-8003-8C41D6046423}
		{FD1CDE25-9D1E-4597-A5D4-93B45C786EC8} = {69690DC0-32FA-46D1-8003-8C41D6046423}
		{C2152042-E748-4A79-A576-27FEDC4397B8} = {69690DC0-32FA-46D1-8003-8C41D6046423}
		{7353AEAB-5B27-460D-BF19-4C23019191B5} = {B4A454DC-F7AF-4AB4-8D56-6E1357DADB94}
		{1AA45CC9-33B4-431E-90A6-F2F1C4F444BA} = {B4A454DC-F7AF-4AB4-8D56-6E1357DADB94}
		{537FA48A-A493-40FB-995C-4F09805CFBEC} = {B4A454DC-F7AF-4AB4-8D56-6E1357DADB94}
		{F0268539-2F7D-4DDB-AF88-A645EAD5823E} = {1B6A3F72-0BA3-4C74-9D2F-F6157B80F2BD}
		{4BC48C91-B798-4B4A-B286-0A193BD2C39E} = {1B6A3F72-0BA3-4C74-9D2F-F6157B80F2BD}
		{53B29A62-5F78-44C2-B1C4-26842E5C01D4} = {1B6A3F72-0BA3-4C74-9D2F-F6157B80F2BD}
	EndGlobalSection
	GlobalSection(ExtensibilityGlobals) = postSolution
		SolutionGuid = {B4A45E6B-D547-4FAC-AEB0-17F5AF12F5E6}
	EndGlobalSection
EndGlobal
