
Microsoft Visual Studio Solution File, Format Version 12.00
# Visual Studio Version 17
VisualStudioVersion = 17.14.36616.10 d17.14
MinimumVisualStudioVersion = 10.0.40219.1
Project("{2150E333-8FDC-42A3-9474-1A3956D46DE8}") = "Task0", "Task0", "{36D591C7-65C7-A0D1-1CBC-10CDE441BDC8}"
EndProject
Project("{FAE04EC0-301F-11D3-BF4B-00C04F79EFBC}") = "Tyuiu.SimkinOA.Sprint5.Task0.V23.Lib", "Tyuiu.SimkinOA.Sprint5.Task0.V23.Lib\Tyuiu.SimkinOA.Sprint5.Task0.V23.Lib.csproj", "{A75DCEB0-7326-4F7E-B64F-ADE794591F3D}"
EndProject
Project("{FAE04EC0-301F-11D3-BF4B-00C04F79EFBC}") = "Tyuiu.SimkinOA.Sprint5.Task0.V23.Test", "Tyuiu.SimkinOA.Sprint5.Task0.V23.Test\Tyuiu.SimkinOA.Sprint5.Task0.V23.Test.csproj", "{5481C96F-5F36-4EE9-BAF9-61D8FD0D5E82}"
EndProject
Project("{FAE04EC0-301F-11D3-BF4B-00C04F79EFBC}") = "Tyuiu.SimkinOA.Sprint5.Task0.V23", "Tyuiu.SimkinOA.Sprint5.Task0.V23\Tyuiu.SimkinOA.Sprint5.Task0.V23.csproj", "{20B4F059-B453-405A-A6E6-CA308FE19F5D}"
EndProject
Global
	GlobalSection(SolutionConfigurationPlatforms) = preSolution
		Debug|Any CPU = Debug|Any CPU
		Release|Any CPU = Release|Any CPU
	EndGlobalSection
	GlobalSection(ProjectConfigurationPlatforms) = postSolution
		{A75DCEB0-7326-4F7E-B64F-ADE794591F3D}.Debug|Any CPU.ActiveCfg = Debug|Any CPU
		{A75DCEB0-7326-4F7E-B64F-ADE794591F3D}.Debug|Any CPU.Build.0 = Debug|Any CPU
		{A75DCEB0-7326-4F7E-B64F-ADE794591F3D}.Release|Any CPU.ActiveCfg = Release|Any CPU
		{A75DCEB0-7326-4F7E-B64F-ADE794591F3D}.Release|Any CPU.Build.0 = Release|Any CPU
		{5481C96F-5F36-4EE9-BAF9-61D8FD0D5E82}.Debug|Any CPU.ActiveCfg = Debug|Any CPU
		{5481C96F-5F36-4EE9-BAF9-61D8FD0D5E82}.Debug|Any CPU.Build.0 = Debug|Any CPU
		{5481C96F-5F36-4EE9-BAF9-61D8FD0D5E82}.Release|Any CPU.ActiveCfg = Release|Any CPU
		{5481C96F-5F36-4EE9-BAF9-61D8FD0D5E82}.Release|Any CPU.Build.0 = Release|Any CPU
		{20B4F059-B453-405A-A6E6-CA308FE19F5D}.Debug|Any CPU.ActiveCfg = Debug|Any CPU
		{20B4F059-B453-405A-A6E6-CA308FE19F5D}.Debug|Any CPU.Build.0 = Debug|Any CPU
		{20B4F059-B453-405A-A6E6-CA308FE19F5D}.Release|Any CPU.ActiveCfg = Release|Any CPU
		{20B4F059-B453-405A-A6E6-CA308FE19F5D}.Release|Any CPU.Build.0 = Release|Any CPU
	EndGlobalSection
	GlobalSection(SolutionProperties) = preSolution
		HideSolutionNode = FALSE
	EndGlobalSection
	GlobalSection(NestedProjects) = preSolution
		{A75DCEB0-7326-4F7E-B64F-ADE794591F3D} = {36D591C7-65C7-A0D1-1CBC-10CDE441BDC8}
		{5481C96F-5F36-4EE9-BAF9-61D8FD0D5E82} = {36D591C7-65C7-A0D1-1CBC-10CDE441BDC8}
		{20B4F059-B453-405A-A6E6-CA308FE19F5D} = {36D591C7-65C7-A0D1-1CBC-10CDE441BDC8}
	EndGlobalSection
	GlobalSection(ExtensibilityGlobals) = postSolution
		SolutionGuid = {B4A45E6B-D547-4FAC-AEB0-17F5AF12F5E6}
	EndGlobalSection
EndGlobal
